// !$*UTF8*$!
{
	archiveVersion = 1;
	classes = {
	};
	objectVersion = 56;
	objects = {

/* Begin PBXBuildFile section */
		E902E72F2A7FC403009E9747 /* Tabbar.storyboard in Resources */ = {isa = PBXBuildFile; fileRef = E902E72E2A7FC403009E9747 /* Tabbar.storyboard */; };
		E902E7312A7FCDF0009E9747 /* TabbarController.swift in Sources */ = {isa = PBXBuildFile; fileRef = E902E7302A7FCDF0009E9747 /* TabbarController.swift */; };
		E902E7382A7FD08A009E9747 /* MainViewController.swift in Sources */ = {isa = PBXBuildFile; fileRef = E902E7372A7FD08A009E9747 /* MainViewController.swift */; };
		E902E73A2A7FD0A2009E9747 /* ServicesViewController.swift in Sources */ = {isa = PBXBuildFile; fileRef = E902E7392A7FD0A2009E9747 /* ServicesViewController.swift */; };
		E902E73C2A7FD0B3009E9747 /* MessagesViewController.swift in Sources */ = {isa = PBXBuildFile; fileRef = E902E73B2A7FD0B3009E9747 /* MessagesViewController.swift */; };
		E902E73E2A7FD0C6009E9747 /* PicturesViewController.swift in Sources */ = {isa = PBXBuildFile; fileRef = E902E73D2A7FD0C6009E9747 /* PicturesViewController.swift */; };
		E902E7402A7FD0D4009E9747 /* VideoViewController.swift in Sources */ = {isa = PBXBuildFile; fileRef = E902E73F2A7FD0D4009E9747 /* VideoViewController.swift */; };
		E9D172CC2A7FAFCA00015857 /* AppDelegate.swift in Sources */ = {isa = PBXBuildFile; fileRef = E9D172CB2A7FAFCA00015857 /* AppDelegate.swift */; };
		E9D172CE2A7FAFCA00015857 /* SceneDelegate.swift in Sources */ = {isa = PBXBuildFile; fileRef = E9D172CD2A7FAFCA00015857 /* SceneDelegate.swift */; };
		E9D172D02A7FAFCA00015857 /* ViewController.swift in Sources */ = {isa = PBXBuildFile; fileRef = E9D172CF2A7FAFCA00015857 /* ViewController.swift */; };
		E9D172D32A7FAFCA00015857 /* Main.storyboard in Resources */ = {isa = PBXBuildFile; fileRef = E9D172D12A7FAFCA00015857 /* Main.storyboard */; };
		E9D172D52A7FAFCC00015857 /* Assets.xcassets in Resources */ = {isa = PBXBuildFile; fileRef = E9D172D42A7FAFCC00015857 /* Assets.xcassets */; };
		E9D172D82A7FAFCC00015857 /* LaunchScreen.storyboard in Resources */ = {isa = PBXBuildFile; fileRef = E9D172D62A7FAFCC00015857 /* LaunchScreen.storyboard */; };
/* End PBXBuildFile section */

/* Begin PBXFileReference section */
		E902E72E2A7FC403009E9747 /* Tabbar.storyboard */ = {isa = PBXFileReference; lastKnownFileType = file.storyboard; path = Tabbar.storyboard; sourceTree = "<group>"; };
		E902E7302A7FCDF0009E9747 /* TabbarController.swift */ = {isa = PBXFileReference; lastKnownFileType = sourcecode.swift; path = TabbarController.swift; sourceTree = "<group>"; };
		E902E7372A7FD08A009E9747 /* MainViewController.swift */ = {isa = PBXFileReference; lastKnownFileType = sourcecode.swift; path = MainViewController.swift; sourceTree = "<group>"; };
		E902E7392A7FD0A2009E9747 /* ServicesViewController.swift */ = {isa = PBXFileReference; lastKnownFileType = sourcecode.swift; path = ServicesViewController.swift; sourceTree = "<group>"; };
		E902E73B2A7FD0B3009E9747 /* MessagesViewController.swift */ = {isa = PBXFileReference; lastKnownFileType = sourcecode.swift; path = MessagesViewController.swift; sourceTree = "<group>"; };
		E902E73D2A7FD0C6009E9747 /* PicturesViewController.swift */ = {isa = PBXFileReference; lastKnownFileType = sourcecode.swift; path = PicturesViewController.swift; sourceTree = "<group>"; };
		E902E73F2A7FD0D4009E9747 /* VideoViewController.swift */ = {isa = PBXFileReference; lastKnownFileType = sourcecode.swift; path = VideoViewController.swift; sourceTree = "<group>"; };
		E9D172C82A7FAFCA00015857 /* myVk.app */ = {isa = PBXFileReference; explicitFileType = wrapper.application; includeInIndex = 0; path = myVk.app; sourceTree = BUILT_PRODUCTS_DIR; };
		E9D172CB2A7FAFCA00015857 /* AppDelegate.swift */ = {isa = PBXFileReference; lastKnownFileType = sourcecode.swift; path = AppDelegate.swift; sourceTree = "<group>"; };
		E9D172CD2A7FAFCA00015857 /* SceneDelegate.swift */ = {isa = PBXFileReference; lastKnownFileType = sourcecode.swift; path = SceneDelegate.swift; sourceTree = "<group>"; };
		E9D172CF2A7FAFCA00015857 /* ViewController.swift */ = {isa = PBXFileReference; lastKnownFileType = sourcecode.swift; path = ViewController.swift; sourceTree = "<group>"; };
		E9D172D22A7FAFCA00015857 /* Base */ = {isa = PBXFileReference; lastKnownFileType = file.storyboard; name = Base; path = Base.lproj/Main.storyboard; sourceTree = "<group>"; };
		E9D172D42A7FAFCC00015857 /* Assets.xcassets */ = {isa = PBXFileReference; lastKnownFileType = folder.assetcatalog; path = Assets.xcassets; sourceTree = "<group>"; };
		E9D172D72A7FAFCC00015857 /* Base */ = {isa = PBXFileReference; lastKnownFileType = file.storyboard; name = Base; path = Base.lproj/LaunchScreen.storyboard; sourceTree = "<group>"; };
		E9D172D92A7FAFCC00015857 /* Info.plist */ = {isa = PBXFileReference; lastKnownFileType = text.plist.xml; path = Info.plist; sourceTree = "<group>"; };
/* End PBXFileReference section */

/* Begin PBXFrameworksBuildPhase section */
		E9D172C52A7FAFCA00015857 /* Frameworks */ = {
			isa = PBXFrameworksBuildPhase;
			buildActionMask = 2147483647;
			files = (
			);
			runOnlyForDeploymentPostprocessing = 0;
		};
/* End PBXFrameworksBuildPhase section */

/* Begin PBXGroup section */
		E902E72B2A7FC2A5009E9747 /* Tabbar */ = {
			isa = PBXGroup;
			children = (
				E902E7322A7FCFA3009E9747 /* main */,
				E902E7332A7FCFB5009E9747 /* services */,
				E902E7342A7FCFE3009E9747 /* messages */,
				E902E7352A7FD00C009E9747 /* pictures */,
				E902E7362A7FD019009E9747 /* video */,
				E902E72E2A7FC403009E9747 /* Tabbar.storyboard */,
				E902E7302A7FCDF0009E9747 /* TabbarController.swift */,
			);
			path = Tabbar;
			sourceTree = "<group>";
		};
		E902E7322A7FCFA3009E9747 /* main */ = {
			isa = PBXGroup;
			children = (
				E902E7372A7FD08A009E9747 /* MainViewController.swift */,
			);
			path = main;
			sourceTree = "<group>";
		};
		E902E7332A7FCFB5009E9747 /* services */ = {
			isa = PBXGroup;
			children = (
				E902E7392A7FD0A2009E9747 /* ServicesViewController.swift */,
			);
			path = services;
			sourceTree = "<group>";
		};
		E902E7342A7FCFE3009E9747 /* messages */ = {
			isa = PBXGroup;
			children = (
				E902E73B2A7FD0B3009E9747 /* MessagesViewController.swift */,
			);
			path = messages;
			sourceTree = "<group>";
		};
		E902E7352A7FD00C009E9747 /* pictures */ = {
			isa = PBXGroup;
			children = (
				E902E73D2A7FD0C6009E9747 /* PicturesViewController.swift */,
			);
			path = pictures;
			sourceTree = "<group>";
		};
		E902E7362A7FD019009E9747 /* video */ = {
			isa = PBXGroup;
			children = (
				E902E73F2A7FD0D4009E9747 /* VideoViewController.swift */,
			);
			path = video;
			sourceTree = "<group>";
		};
		E9D172BF2A7FAFCA00015857 = {
			isa = PBXGroup;
			children = (
				E9D172CA2A7FAFCA00015857 /* myVk */,
				E9D172C92A7FAFCA00015857 /* Products */,
			);
			sourceTree = "<group>";
		};
		E9D172C92A7FAFCA00015857 /* Products */ = {
			isa = PBXGroup;
			children = (
				E9D172C82A7FAFCA00015857 /* myVk.app */,
			);
			name = Products;
			sourceTree = "<group>";
		};
		E9D172CA2A7FAFCA00015857 /* myVk */ = {
			isa = PBXGroup;
			children = (
				E9D172DF2A7FB02B00015857 /* Application */,
				E9D172E12A7FB2A800015857 /* Main */,
				E902E72B2A7FC2A5009E9747 /* Tabbar */,
				E9D172D42A7FAFCC00015857 /* Assets.xcassets */,
				E9D172D62A7FAFCC00015857 /* LaunchScreen.storyboard */,
				E9D172D92A7FAFCC00015857 /* Info.plist */,
			);
			path = myVk;
			sourceTree = "<group>";
		};
		E9D172DF2A7FB02B00015857 /* Application */ = {
			isa = PBXGroup;
			children = (
				E9D172CD2A7FAFCA00015857 /* SceneDelegate.swift */,
				E9D172CB2A7FAFCA00015857 /* AppDelegate.swift */,
			);
			path = Application;
			sourceTree = "<group>";
		};
		E9D172E12A7FB2A800015857 /* Main */ = {
			isa = PBXGroup;
			children = (
				E9D172CF2A7FAFCA00015857 /* ViewController.swift */,
				E9D172D12A7FAFCA00015857 /* Main.storyboard */,
			);
			path = Main;
			sourceTree = "<group>";
		};
/* End PBXGroup section */

/* Begin PBXNativeTarget section */
		E9D172C72A7FAFCA00015857 /* myVk */ = {
			isa = PBXNativeTarget;
			buildConfigurationList = E9D172DC2A7FAFCC00015857 /* Build configuration list for PBXNativeTarget "myVk" */;
			buildPhases = (
				E9D172C42A7FAFCA00015857 /* Sources */,
				E9D172C52A7FAFCA00015857 /* Frameworks */,
				E9D172C62A7FAFCA00015857 /* Resources */,
			);
			buildRules = (
			);
			dependencies = (
			);
			name = myVk;
			productName = myVk;
			productReference = E9D172C82A7FAFCA00015857 /* myVk.app */;
			productType = "com.apple.product-type.application";
		};
/* End PBXNativeTarget section */

/* Begin PBXProject section */
		E9D172C02A7FAFCA00015857 /* Project object */ = {
			isa = PBXProject;
			attributes = {
				BuildIndependentTargetsInParallel = 1;
				LastSwiftUpdateCheck = 1430;
				LastUpgradeCheck = 1430;
				TargetAttributes = {
					E9D172C72A7FAFCA00015857 = {
						CreatedOnToolsVersion = 14.3.1;
					};
				};
			};
			buildConfigurationList = E9D172C32A7FAFCA00015857 /* Build configuration list for PBXProject "myVk" */;
			compatibilityVersion = "Xcode 14.0";
			developmentRegion = en;
			hasScannedForEncodings = 0;
			knownRegions = (
				en,
				Base,
			);
			mainGroup = E9D172BF2A7FAFCA00015857;
			productRefGroup = E9D172C92A7FAFCA00015857 /* Products */;
			projectDirPath = "";
			projectRoot = "";
			targets = (
				E9D172C72A7FAFCA00015857 /* myVk */,
			);
		};
/* End PBXProject section */

/* Begin PBXResourcesBuildPhase section */
		E9D172C62A7FAFCA00015857 /* Resources */ = {
			isa = PBXResourcesBuildPhase;
			buildActionMask = 2147483647;
			files = (
				E902E72F2A7FC403009E9747 /* Tabbar.storyboard in Resources */,
				E9D172D82A7FAFCC00015857 /* LaunchScreen.storyboard in Resources */,
				E9D172D52A7FAFCC00015857 /* Assets.xcassets in Resources */,
				E9D172D32A7FAFCA00015857 /* Main.storyboard in Resources */,
			);
			runOnlyForDeploymentPostprocessing = 0;
		};
/* End PBXResourcesBuildPhase section */

/* Begin PBXSourcesBuildPhase section */
		E9D172C42A7FAFCA00015857 /* Sources */ = {
			isa = PBXSourcesBuildPhase;
			buildActionMask = 2147483647;
			files = (
				E902E73A2A7FD0A2009E9747 /* ServicesViewController.swift in Sources */,
				E902E73C2A7FD0B3009E9747 /* MessagesViewController.swift in Sources */,
				E902E7402A7FD0D4009E9747 /* VideoViewController.swift in Sources */,
				E9D172D02A7FAFCA00015857 /* ViewController.swift in Sources */,
				E902E7312A7FCDF0009E9747 /* TabbarController.swift in Sources */,
				E9D172CC2A7FAFCA00015857 /* AppDelegate.swift in Sources */,
				E902E73E2A7FD0C6009E9747 /* PicturesViewController.swift in Sources */,
				E9D172CE2A7FAFCA00015857 /* SceneDelegate.swift in Sources */,
				E902E7382A7FD08A009E9747 /* MainViewController.swift in Sources */,
			);
			runOnlyForDeploymentPostprocessing = 0;
		};
/* End PBXSourcesBuildPhase section */

/* Begin PBXVariantGroup section */
		E9D172D12A7FAFCA00015857 /* Main.storyboard */ = {
			isa = PBXVariantGroup;
			children = (
				E9D172D22A7FAFCA00015857 /* Base */,
			);
			name = Main.storyboard;
			sourceTree = "<group>";
		};
		E9D172D62A7FAFCC00015857 /* LaunchScreen.storyboard */ = {
			isa = PBXVariantGroup;
			children = (
				E9D172D72A7FAFCC00015857 /* Base */,
			);
			name = LaunchScreen.storyboard;
			sourceTree = "<group>";
		};
/* End PBXVariantGroup section */

/* Begin XCBuildConfiguration section */
		E9D172DA2A7FAFCC00015857 /* Debug */ = {
			isa = XCBuildConfiguration;
			buildSettings = {
				ALWAYS_SEARCH_USER_PATHS = NO;
				CLANG_ANALYZER_NONNULL = YES;
				CLANG_ANALYZER_NUMBER_OBJECT_CONVERSION = YES_AGGRESSIVE;
				CLANG_CXX_LANGUAGE_STANDARD = "gnu++20";
				CLANG_ENABLE_MODULES = YES;
				CLANG_ENABLE_OBJC_ARC = YES;
				CLANG_ENABLE_OBJC_WEAK = YES;
				CLANG_WARN_BLOCK_CAPTURE_AUTORELEASING = YES;
				CLANG_WARN_BOOL_CONVERSION = YES;
				CLANG_WARN_COMMA = YES;
				CLANG_WARN_CONSTANT_CONVERSION = YES;
				CLANG_WARN_DEPRECATED_OBJC_IMPLEMENTATIONS = YES;
				CLANG_WARN_DIRECT_OBJC_ISA_USAGE = YES_ERROR;
				CLANG_WARN_DOCUMENTATION_COMMENTS = YES;
				CLANG_WARN_EMPTY_BODY = YES;
				CLANG_WARN_ENUM_CONVERSION = YES;
				CLANG_WARN_INFINITE_RECURSION = YES;
				CLANG_WARN_INT_CONVERSION = YES;
				CLANG_WARN_NON_LITERAL_NULL_CONVERSION = YES;
				CLANG_WARN_OBJC_IMPLICIT_RETAIN_SELF = YES;
				CLANG_WARN_OBJC_LITERAL_CONVERSION = YES;
				CLANG_WARN_OBJC_ROOT_CLASS = YES_ERROR;
				CLANG_WARN_QUOTED_INCLUDE_IN_FRAMEWORK_HEADER = YES;
				CLANG_WARN_RANGE_LOOP_ANALYSIS = YES;
				CLANG_WARN_STRICT_PROTOTYPES = YES;
				CLANG_WARN_SUSPICIOUS_MOVE = YES;
				CLANG_WARN_UNGUARDED_AVAILABILITY = YES_AGGRESSIVE;
				CLANG_WARN_UNREACHABLE_CODE = YES;
				CLANG_WARN__DUPLICATE_METHOD_MATCH = YES;
				COPY_PHASE_STRIP = NO;
				DEBUG_INFORMATION_FORMAT = dwarf;
				ENABLE_STRICT_OBJC_MSGSEND = YES;
				ENABLE_TESTABILITY = YES;
				GCC_C_LANGUAGE_STANDARD = gnu11;
				GCC_DYNAMIC_NO_PIC = NO;
				GCC_NO_COMMON_BLOCKS = YES;
				GCC_OPTIMIZATION_LEVEL = 0;
				GCC_PREPROCESSOR_DEFINITIONS = (
					"DEBUG=1",
					"$(inherited)",
				);
				GCC_WARN_64_TO_32_BIT_CONVERSION = YES;
				GCC_WARN_ABOUT_RETURN_TYPE = YES_ERROR;
				GCC_WARN_UNDECLARED_SELECTOR = YES;
				GCC_WARN_UNINITIALIZED_AUTOS = YES_AGGRESSIVE;
				GCC_WARN_UNUSED_FUNCTION = YES;
				GCC_WARN_UNUSED_VARIABLE = YES;
				IPHONEOS_DEPLOYMENT_TARGET = 16.4;
				MTL_ENABLE_DEBUG_INFO = INCLUDE_SOURCE;
				MTL_FAST_MATH = YES;
				ONLY_ACTIVE_ARCH = YES;
				SDKROOT = iphoneos;
				SWIFT_ACTIVE_COMPILATION_CONDITIONS = DEBUG;
				SWIFT_OPTIMIZATION_LEVEL = "-Onone";
			};
			name = Debug;
		};
		E9D172DB2A7FAFCC00015857 /* Release */ = {
			isa = XCBuildConfiguration;
			buildSettings = {
				ALWAYS_SEARCH_USER_PATHS = NO;
				CLANG_ANALYZER_NONNULL = YES;
				CLANG_ANALYZER_NUMBER_OBJECT_CONVERSION = YES_AGGRESSIVE;
				CLANG_CXX_LANGUAGE_STANDARD = "gnu++20";
				CLANG_ENABLE_MODULES = YES;
				CLANG_ENABLE_OBJC_ARC = YES;
				CLANG_ENABLE_OBJC_WEAK = YES;
				CLANG_WARN_BLOCK_CAPTURE_AUTORELEASING = YES;
				CLANG_WARN_BOOL_CONVERSION = YES;
				CLANG_WARN_COMMA = YES;
				CLANG_WARN_CONSTANT_CONVERSION = YES;
				CLANG_WARN_DEPRECATED_OBJC_IMPLEMENTATIONS = YES;
				CLANG_WARN_DIRECT_OBJC_ISA_USAGE = YES_ERROR;
				CLANG_WARN_DOCUMENTATION_COMMENTS = YES;
				CLANG_WARN_EMPTY_BODY = YES;
				CLANG_WARN_ENUM_CONVERSION = YES;
				CLANG_WARN_INFINITE_RECURSION = YES;
				CLANG_WARN_INT_CONVERSION = YES;
				CLANG_WARN_NON_LITERAL_NULL_CONVERSION = YES;
				CLANG_WARN_OBJC_IMPLICIT_RETAIN_SELF = YES;
				CLANG_WARN_OBJC_LITERAL_CONVERSION = YES;
				CLANG_WARN_OBJC_ROOT_CLASS = YES_ERROR;
				CLANG_WARN_QUOTED_INCLUDE_IN_FRAMEWORK_HEADER = YES;
				CLANG_WARN_RANGE_LOOP_ANALYSIS = YES;
				CLANG_WARN_STRICT_PROTOTYPES = YES;
				CLANG_WARN_SUSPICIOUS_MOVE = YES;
				CLANG_WARN_UNGUARDED_AVAILABILITY = YES_AGGRESSIVE;
				CLANG_WARN_UNREACHABLE_CODE = YES;
				CLANG_WARN__DUPLICATE_METHOD_MATCH = YES;
				COPY_PHASE_STRIP = NO;
				DEBUG_INFORMATION_FORMAT = "dwarf-with-dsym";
				ENABLE_NS_ASSERTIONS = NO;
				ENABLE_STRICT_OBJC_MSGSEND = YES;
				GCC_C_LANGUAGE_STANDARD = gnu11;
				GCC_NO_COMMON_BLOCKS = YES;
				GCC_WARN_64_TO_32_BIT_CONVERSION = YES;
				GCC_WARN_ABOUT_RETURN_TYPE = YES_ERROR;
				GCC_WARN_UNDECLARED_SELECTOR = YES;
				GCC_WARN_UNINITIALIZED_AUTOS = YES_AGGRESSIVE;
				GCC_WARN_UNUSED_FUNCTION = YES;
				GCC_WARN_UNUSED_VARIABLE = YES;
				IPHONEOS_DEPLOYMENT_TARGET = 16.4;
				MTL_ENABLE_DEBUG_INFO = NO;
				MTL_FAST_MATH = YES;
				SDKROOT = iphoneos;
				SWIFT_COMPILATION_MODE = wholemodule;
				SWIFT_OPTIMIZATION_LEVEL = "-O";
				VALIDATE_PRODUCT = YES;
			};
			name = Release;
		};
		E9D172DD2A7FAFCC00015857 /* Debug */ = {
			isa = XCBuildConfiguration;
			buildSettings = {
				ASSETCATALOG_COMPILER_APPICON_NAME = AppIcon;
				ASSETCATALOG_COMPILER_GLOBAL_ACCENT_COLOR_NAME = AccentColor;
				CODE_SIGN_STYLE = Automatic;
				CURRENT_PROJECT_VERSION = 1;
				DEVELOPMENT_TEAM = 36R3TYQTT7;
				GENERATE_INFOPLIST_FILE = YES;
				INFOPLIST_FILE = myVk/Info.plist;
				INFOPLIST_KEY_UIApplicationSupportsIndirectInputEvents = YES;
				INFOPLIST_KEY_UILaunchStoryboardName = LaunchScreen;
				INFOPLIST_KEY_UIMainStoryboardFile = Main;
				INFOPLIST_KEY_UISupportedInterfaceOrientations_iPad = "UIInterfaceOrientationPortrait UIInterfaceOrientationPortraitUpsideDown UIInterfaceOrientationLandscapeLeft UIInterfaceOrientationLandscapeRight";
				INFOPLIST_KEY_UISupportedInterfaceOrientations_iPhone = "UIInterfaceOrientationPortrait UIInterfaceOrientationLandscapeLeft UIInterfaceOrientationLandscapeRight";
				LD_RUNPATH_SEARCH_PATHS = (
					"$(inherited)",
					"@executable_path/Frameworks",
				);
				MARKETING_VERSION = 1.0;
				PRODUCT_BUNDLE_IDENTIFIER = croleack.myVk;
				PRODUCT_NAME = "$(TARGET_NAME)";
				SWIFT_EMIT_LOC_STRINGS = YES;
				SWIFT_VERSION = 5.0;
				TARGETED_DEVICE_FAMILY = "1,2";
			};
			name = Debug;
		};
		E9D172DE2A7FAFCC00015857 /* Release */ = {
			isa = XCBuildConfiguration;
			buildSettings = {
				ASSETCATALOG_COMPILER_APPICON_NAME = AppIcon;
				ASSETCATALOG_COMPILER_GLOBAL_ACCENT_COLOR_NAME = AccentColor;
				CODE_SIGN_STYLE = Automatic;
				CURRENT_PROJECT_VERSION = 1;
				DEVELOPMENT_TEAM = 36R3TYQTT7;
				GENERATE_INFOPLIST_FILE = YES;
				INFOPLIST_FILE = myVk/Info.plist;
				INFOPLIST_KEY_UIApplicationSupportsIndirectInputEvents = YES;
				INFOPLIST_KEY_UILaunchStoryboardName = LaunchScreen;
				INFOPLIST_KEY_UIMainStoryboardFile = Main;
				INFOPLIST_KEY_UISupportedInterfaceOrientations_iPad = "UIInterfaceOrientationPortrait UIInterfaceOrientationPortraitUpsideDown UIInterfaceOrientationLandscapeLeft UIInterfaceOrientationLandscapeRight";
				INFOPLIST_KEY_UISupportedInterfaceOrientations_iPhone = "UIInterfaceOrientationPortrait UIInterfaceOrientationLandscapeLeft UIInterfaceOrientationLandscapeRight";
				LD_RUNPATH_SEARCH_PATHS = (
					"$(inherited)",
					"@executable_path/Frameworks",
				);
				MARKETING_VERSION = 1.0;
				PRODUCT_BUNDLE_IDENTIFIER = croleack.myVk;
				PRODUCT_NAME = "$(TARGET_NAME)";
				SWIFT_EMIT_LOC_STRINGS = YES;
				SWIFT_VERSION = 5.0;
				TARGETED_DEVICE_FAMILY = "1,2";
			};
			name = Release;
		};
/* End XCBuildConfiguration section */

/* Begin XCConfigurationList section */
		E9D172C32A7FAFCA00015857 /* Build configuration list for PBXProject "myVk" */ = {
			isa = XCConfigurationList;
			buildConfigurations = (
				E9D172DA2A7FAFCC00015857 /* Debug */,
				E9D172DB2A7FAFCC00015857 /* Release */,
			);
			defaultConfigurationIsVisible = 0;
			defaultConfigurationName = Release;
		};
		E9D172DC2A7FAFCC00015857 /* Build configuration list for PBXNativeTarget "myVk" */ = {
			isa = XCConfigurationList;
			buildConfigurations = (
				E9D172DD2A7FAFCC00015857 /* Debug */,
				E9D172DE2A7FAFCC00015857 /* Release */,
			);
			defaultConfigurationIsVisible = 0;
			defaultConfigurationName = Release;
		};
/* End XCConfigurationList section */
	};
	rootObject = E9D172C02A7FAFCA00015857 /* Project object */;
}
